
Microsoft Visual Studio Solution File, Format Version 12.00
# Visual Studio 14
VisualStudioVersion = 14.0.25420.1
MinimumVisualStudioVersion = 10.0.40219.1
Project("{FAE04EC0-301F-11D3-BF4B-00C04F79EFBC}") = "RESTAURANT.API", "RESTAURANT.API\RESTAURANT.API.csproj", "{8B40F43E-A0E8-4957-9A5B-3AC3D4180F9C}"
EndProject
Project("{FAE04EC0-301F-11D3-BF4B-00C04F79EFBC}") = "RESTAURANT.API.DAL", "RESTAURANT.API.DAL\RESTAURANT.API.DAL.csproj", "{F5B557B2-64B3-4DD2-87A6-9C401ED4CC20}"
EndProject
Global
	GlobalSection(SolutionConfigurationPlatforms) = preSolution
		Debug|Any CPU = Debug|Any CPU
		Release|Any CPU = Release|Any CPU
	EndGlobalSection
	GlobalSection(ProjectConfigurationPlatforms) = postSolution
		{8B40F43E-A0E8-4957-9A5B-3AC3D4180F9C}.Debug|Any CPU.ActiveCfg = Debug|Any CPU
		{8B40F43E-A0E8-4957-9A5B-3AC3D4180F9C}.Debug|Any CPU.Build.0 = Debug|Any CPU
		{8B40F43E-A0E8-4957-9A5B-3AC3D4180F9C}.Release|Any CPU.ActiveCfg = Release|Any CPU
		{8B40F43E-A0E8-4957-9A5B-3AC3D4180F9C}.Release|Any CPU.Build.0 = Release|Any CPU
		{F5B557B2-64B3-4DD2-87A6-9C401ED4CC20}.Debug|Any CPU.ActiveCfg = Debug|Any CPU
		{F5B557B2-64B3-4DD2-87A6-9C401ED4CC20}.Debug|Any CPU.Build.0 = Debug|Any CPU
		{F5B557B2-64B3-4DD2-87A6-9C401ED4CC20}.Release|Any CPU.ActiveCfg = Release|Any CPU
		{F5B557B2-64B3-4DD2-87A6-9C401ED4CC20}.Release|Any CPU.Build.0 = Release|Any CPU
	EndGlobalSection
	GlobalSection(SolutionProperties) = preSolution
		HideSolutionNode = FALSE
	EndGlobalSection
EndGlobal
